
Microsoft Visual Studio Solution File, Format Version 12.00
# Visual Studio Version 18
VisualStudioVersion = 18.4.11620.152 stable
MinimumVisualStudioVersion = 10.0.40219.1
Project("{FAE04EC0-301F-11D3-BF4B-00C04F79EFBC}") = "Wonder Automation", "Wonder Automation.csproj", "{2156D08C-21B5-DE45-455B-B901988148B2}"
EndProject
Global
	GlobalSection(SolutionConfigurationPlatforms) = preSolution
		Debug|Any CPU = Debug|Any CPU
		Release|Any CPU = Release|Any CPU
	EndGlobalSection
	GlobalSection(ProjectConfigurationPlatforms) = postSolution
		{2156D08C-21B5-DE45-455B-B901988148B2}.Debug|Any CPU.ActiveCfg = Debug|Any CPU
		{2156D08C-21B5-DE45-455B-B901988148B2}.Debug|Any CPU.Build.0 = Debug|Any CPU
		{2156D08C-21B5-DE45-455B-B901988148B2}.Release|Any CPU.ActiveCfg = Release|Any CPU
		{2156D08C-21B5-DE45-455B-B901988148B2}.Release|Any CPU.Build.0 = Release|Any CPU
	EndGlobalSection
	GlobalSection(SolutionProperties) = preSolution
		HideSolutionNode = FALSE
	EndGlobalSection
	GlobalSection(ExtensibilityGlobals) = postSolution
		SolutionGuid = {FBE8E3DD-72C2-4741-BBB6-556B83A82265}
	EndGlobalSection
EndGlobal
